
Microsoft Visual Studio Solution File, Format Version 12.00
# Visual Studio 15
VisualStudioVersion = 15.0.28307.1022
MinimumVisualStudioVersion = 10.0.40219.1
Project("{FAE04EC0-301F-11D3-BF4B-00C04F79EFBC}") = "Rezzur-Wrecked", "Rezzur-Wrecked\Rezzur-Wrecked.csproj", "{9B83AB53-54DB-487C-AFA1-CA5226211A7C}"
EndProject
Global
	GlobalSection(SolutionConfigurationPlatforms) = preSolution
		Debug|x64 = Debug|x64
		Debug|x86 = Debug|x86
		Release|x64 = Release|x64
		Release|x86 = Release|x86
		Test|x64 = Test|x64
		Test|x86 = Test|x86
	EndGlobalSection
	GlobalSection(ProjectConfigurationPlatforms) = postSolution
		{9B83AB53-54DB-487C-AFA1-CA5226211A7C}.Debug|x64.ActiveCfg = Test|x64
		{9B83AB53-54DB-487C-AFA1-CA5226211A7C}.Debug|x64.Build.0 = Test|x64
		{9B83AB53-54DB-487C-AFA1-CA5226211A7C}.Debug|x86.ActiveCfg = Debug|x86
		{9B83AB53-54DB-487C-AFA1-CA5226211A7C}.Debug|x86.Build.0 = Debug|x86
		{9B83AB53-54DB-487C-AFA1-CA5226211A7C}.Release|x64.ActiveCfg = Release|x64
		{9B83AB53-54DB-487C-AFA1-CA5226211A7C}.Release|x64.Build.0 = Release|x64
		{9B83AB53-54DB-487C-AFA1-CA5226211A7C}.Release|x86.ActiveCfg = Release|x86
		{9B83AB53-54DB-487C-AFA1-CA5226211A7C}.Release|x86.Build.0 = Release|x86
		{9B83AB53-54DB-487C-AFA1-CA5226211A7C}.Test|x64.ActiveCfg = Test|x64
		{9B83AB53-54DB-487C-AFA1-CA5226211A7C}.Test|x64.Build.0 = Test|x64
		{9B83AB53-54DB-487C-AFA1-CA5226211A7C}.Test|x86.ActiveCfg = Test|x86
		{9B83AB53-54DB-487C-AFA1-CA5226211A7C}.Test|x86.Build.0 = Test|x86
	EndGlobalSection
	GlobalSection(SolutionProperties) = preSolution
		HideSolutionNode = FALSE
	EndGlobalSection
	GlobalSection(ExtensibilityGlobals) = postSolution
		SolutionGuid = {40CB6E9B-5460-4B7A-8EFA-A9A660153EC3}
	EndGlobalSection
EndGlobal
